<?xml version="1.0" encoding="utf-8"?>
<Project ToolsVersion="4.0" xmlns="http://schemas.microsoft.com/developer/msbuild/2003">
  <ItemGroup>
    <Filter Include="소스 파일">
      <UniqueIdentifier>{4FC737F1-C7A5-4376-A066-2A32D752A2FF}</UniqueIdentifier>
      <Extensions>cpp;c;cc;cxx;c++;cppm;ixx;def;odl;idl;hpj;bat;asm;asmx</Extensions>
    </Filter>
    <Filter Include="헤더 파일">
      <UniqueIdentifier>{93995380-89BD-4b04-88EB-625FBE52EBFB}</UniqueIdentifier>
      <Extensions>h;hh;hpp;hxx;h++;hm;inl;inc;ipp;xsd</Extensions>
    </Filter>
    <Filter Include="리소스 파일">
      <UniqueIdentifier>{67DA6AB6-F800-4c08-8B7A-83BB121AAD01}</UniqueIdentifier>
      <Extensions>rc;ico;cur;bmp;dlg;rc2;rct;bin;rgs;gif;jpg;jpeg;jpe;resx;tiff;tif;png;wav;mfcribbon-ms</Extensions>
    </Filter>
    <Filter Include="DirectX">
      <UniqueIdentifier>{be7a1d17-1ae4-4ae3-a1e0-ff318ac51886}</UniqueIdentifier>
    </Filter>
    <Filter Include="UI">
      <UniqueIdentifier>{067984d8-7b56-483a-b2fa-86840d84d1a3}</UniqueIdentifier>
    </Filter>
    <Filter Include="HLSL">
      <UniqueIdentifier>{be154963-576a-4fc2-a040-3333bd58def8}</UniqueIdentifier>
    </Filter>
    <Filter Include="Assimp">
      <UniqueIdentifier>{f5dc4d51-8196-46ca-87f2-de4c657a1dc6}</UniqueIdentifier>
    </Filter>
    <Filter Include="DirectX\ShaderClass">
      <UniqueIdentifier>{750e6751-8c4a-4136-885e-7230d91759b0}</UniqueIdentifier>
    </Filter>
  </ItemGroup>
  <ItemGroup>
    <ClCompile Include="main.cpp">
      <Filter>소스 파일</Filter>
    </ClCompile>
    <ClCompile Include="SystemClass.cpp">
      <Filter>소스 파일</Filter>
    </ClCompile>
    <ClCompile Include="TriangleModel.cpp">
      <Filter>소스 파일</Filter>
    </ClCompile>
    <ClCompile Include="ApplicationClass.cpp">
      <Filter>소스 파일</Filter>
    </ClCompile>
    <ClCompile Include="CameraClass.cpp">
      <Filter>소스 파일</Filter>
    </ClCompile>
    <ClCompile Include="D3DClass.cpp">
      <Filter>DirectX</Filter>
    </ClCompile>
    <ClCompile Include="InfoUiClass.cpp">
      <Filter>UI</Filter>
    </ClCompile>
    <ClCompile Include="TextClass.cpp">
      <Filter>UI</Filter>
    </ClCompile>
    <ClCompile Include="AssimpLoader.cpp">
      <Filter>Assimp</Filter>
    </ClCompile>
    <ClCompile Include="Mesh.cpp">
      <Filter>Assimp</Filter>
    </ClCompile>
    <ClCompile Include="ColorShaderClass.cpp">
      <Filter>DirectX\ShaderClass</Filter>
    </ClCompile>
    <ClCompile Include="TextureShaderClass.cpp">
      <Filter>DirectX\ShaderClass</Filter>
    </ClCompile>
  </ItemGroup>
  <ItemGroup>
    <ClInclude Include="D3DClass.h">
      <Filter>DirectX</Filter>
    </ClInclude>
    <ClInclude Include="InfoUiClass.h">
      <Filter>UI</Filter>
    </ClInclude>
    <ClInclude Include="TextClass.h">
      <Filter>UI</Filter>
    </ClInclude>
    <ClInclude Include="AssimpLoader.h">
      <Filter>Assimp</Filter>
    </ClInclude>
    <ClInclude Include="Mesh.h">
      <Filter>Assimp</Filter>
    </ClInclude>
    <ClInclude Include="ColorShaderClass.h">
      <Filter>DirectX\ShaderClass</Filter>
    </ClInclude>
    <ClInclude Include="TextureShaderClass.h">
      <Filter>DirectX\ShaderClass</Filter>
    </ClInclude>
    <ClInclude Include="ApplicationClass.h">
      <Filter>헤더 파일</Filter>
    </ClInclude>
    <ClInclude Include="CameraClass.h">
      <Filter>헤더 파일</Filter>
    </ClInclude>
    <ClInclude Include="SystemClass.h">
      <Filter>헤더 파일</Filter>
    </ClInclude>
    <ClInclude Include="TriangleModel.h">
      <Filter>헤더 파일</Filter>
    </ClInclude>
  </ItemGroup>
  <ItemGroup>
    <FxCompile Include="..\ColorPs.hlsl">
      <Filter>HLSL</Filter>
    </FxCompile>
    <FxCompile Include="..\ColorVs.hlsl">
      <Filter>HLSL</Filter>
    </FxCompile>
    <FxCompile Include="..\PixelShader.hlsl">
      <Filter>HLSL</Filter>
    </FxCompile>
    <FxCompile Include="..\VertexShader.hlsl">
      <Filter>HLSL</Filter>
    </FxCompile>
  </ItemGroup>
</Project>